
Microsoft Visual Studio Solution File, Format Version 12.00
# Visual Studio Version 17
VisualStudioVersion = 17.0.31903.59
MinimumVisualStudioVersion = 10.0.40219.1
Project("{9A19103F-16F7-4668-BE54-9A1E7A4F7556}") = "UdemyNLayerProject.API", "UdemyNLayerProject.API\UdemyNLayerProject.API.csproj", "{D4ACE895-F680-4B59-B55E-ECE692D60278}"
EndProject
Project("{FAE04EC0-301F-11D3-BF4B-00C04F79EFBC}") = "UdemyNLayerProject.Core", "UdemyNLayerProject.Core\UdemyNLayerProject.Core.csproj", "{F4733F5E-B8CD-44BF-A4C4-92D7E6640454}"
EndProject
Project("{FAE04EC0-301F-11D3-BF4B-00C04F79EFBC}") = "UdemyNLayerProject.Data", "UdemyNLayerProject.Data\UdemyNLayerProject.Data.csproj", "{6DA4BD4A-B8D3-4383-81B8-0002A1243A04}"
EndProject
Project("{FAE04EC0-301F-11D3-BF4B-00C04F79EFBC}") = "UdemyNLayerProject.Service", "UdemyNLayerProject.Service\UdemyNLayerProject.Service.csproj", "{7419CF98-8569-4D13-8171-DD4FCEFB3859}"
EndProject
Global
	GlobalSection(SolutionConfigurationPlatforms) = preSolution
		Debug|Any CPU = Debug|Any CPU
		Release|Any CPU = Release|Any CPU
	EndGlobalSection
	GlobalSection(ProjectConfigurationPlatforms) = postSolution
		{D4ACE895-F680-4B59-B55E-ECE692D60278}.Debug|Any CPU.ActiveCfg = Debug|Any CPU
		{D4ACE895-F680-4B59-B55E-ECE692D60278}.Debug|Any CPU.Build.0 = Debug|Any CPU
		{D4ACE895-F680-4B59-B55E-ECE692D60278}.Release|Any CPU.ActiveCfg = Release|Any CPU
		{D4ACE895-F680-4B59-B55E-ECE692D60278}.Release|Any CPU.Build.0 = Release|Any CPU
		{F4733F5E-B8CD-44BF-A4C4-92D7E6640454}.Debug|Any CPU.ActiveCfg = Debug|Any CPU
		{F4733F5E-B8CD-44BF-A4C4-92D7E6640454}.Debug|Any CPU.Build.0 = Debug|Any CPU
		{F4733F5E-B8CD-44BF-A4C4-92D7E6640454}.Release|Any CPU.ActiveCfg = Release|Any CPU
		{F4733F5E-B8CD-44BF-A4C4-92D7E6640454}.Release|Any CPU.Build.0 = Release|Any CPU
		{6DA4BD4A-B8D3-4383-81B8-0002A1243A04}.Debug|Any CPU.ActiveCfg = Debug|Any CPU
		{6DA4BD4A-B8D3-4383-81B8-0002A1243A04}.Debug|Any CPU.Build.0 = Debug|Any CPU
		{6DA4BD4A-B8D3-4383-81B8-0002A1243A04}.Release|Any CPU.ActiveCfg = Release|Any CPU
		{6DA4BD4A-B8D3-4383-81B8-0002A1243A04}.Release|Any CPU.Build.0 = Release|Any CPU
		{7419CF98-8569-4D13-8171-DD4FCEFB3859}.Debug|Any CPU.ActiveCfg = Debug|Any CPU
		{7419CF98-8569-4D13-8171-DD4FCEFB3859}.Debug|Any CPU.Build.0 = Debug|Any CPU
		{7419CF98-8569-4D13-8171-DD4FCEFB3859}.Release|Any CPU.ActiveCfg = Release|Any CPU
		{7419CF98-8569-4D13-8171-DD4FCEFB3859}.Release|Any CPU.Build.0 = Release|Any CPU
	EndGlobalSection
	GlobalSection(SolutionProperties) = preSolution
		HideSolutionNode = FALSE
	EndGlobalSection
	GlobalSection(ExtensibilityGlobals) = postSolution
		SolutionGuid = {86C9B0C8-C76D-4ADF-8A76-5DF200193D70}
	EndGlobalSection
EndGlobal
